
Microsoft Visual Studio Solution File, Format Version 12.00
# Visual Studio Express 2012 for Web
Project("{FAE04EC0-301F-11D3-BF4B-00C04F79EFBC}") = "MvcApplication369", "MvcApplication369\MvcApplication369.csproj", "{A557A0E1-E4DB-48CC-839E-006C7E6A26FC}"
EndProject
Global
	GlobalSection(SolutionConfigurationPlatforms) = preSolution
		Debug|Any CPU = Debug|Any CPU
		Release|Any CPU = Release|Any CPU
	EndGlobalSection
	GlobalSection(ProjectConfigurationPlatforms) = postSolution
		{A557A0E1-E4DB-48CC-839E-006C7E6A26FC}.Debug|Any CPU.ActiveCfg = Debug|Any CPU
		{A557A0E1-E4DB-48CC-839E-006C7E6A26FC}.Debug|Any CPU.Build.0 = Debug|Any CPU
		{A557A0E1-E4DB-48CC-839E-006C7E6A26FC}.Release|Any CPU.ActiveCfg = Release|Any CPU
		{A557A0E1-E4DB-48CC-839E-006C7E6A26FC}.Release|Any CPU.Build.0 = Release|Any CPU
	EndGlobalSection
	GlobalSection(SolutionProperties) = preSolution
		HideSolutionNode = FALSE
	EndGlobalSection
EndGlobal
